
Microsoft Visual Studio Solution File, Format Version 12.00
# Visual Studio Version 17
VisualStudioVersion = 17.2.32519.379
MinimumVisualStudioVersion = 10.0.40219.1
Project("{FAE04EC0-301F-11D3-BF4B-00C04F79EFBC}") = "eTickets", "eTickets.csproj", "{FD6CECB9-0009-409B-958D-B7739CB4047F}"
EndProject
Global
	GlobalSection(SolutionConfigurationPlatforms) = preSolution
		Debug|Any CPU = Debug|Any CPU
		Release|Any CPU = Release|Any CPU
	EndGlobalSection
	GlobalSection(ProjectConfigurationPlatforms) = postSolution
		{FD6CECB9-0009-409B-958D-B7739CB4047F}.Debug|Any CPU.ActiveCfg = Debug|Any CPU
		{FD6CECB9-0009-409B-958D-B7739CB4047F}.Debug|Any CPU.Build.0 = Debug|Any CPU
		{FD6CECB9-0009-409B-958D-B7739CB4047F}.Release|Any CPU.ActiveCfg = Release|Any CPU
		{FD6CECB9-0009-409B-958D-B7739CB4047F}.Release|Any CPU.Build.0 = Release|Any CPU
	EndGlobalSection
	GlobalSection(SolutionProperties) = preSolution
		HideSolutionNode = FALSE
	EndGlobalSection
	GlobalSection(ExtensibilityGlobals) = postSolution
		SolutionGuid = {3CEB2BA9-1693-4D12-9778-7FD7E0D51464}
	EndGlobalSection
EndGlobal
